
Microsoft Visual Studio Solution File, Format Version 12.00
Project("{FAE04EC0-301F-11D3-BF4B-00C04F79EFBC}") = "CursorPos", "CursorPos\CursorPos.csproj", "{A2873117-8778-4E74-8D41-8159F6F322BB}"
EndProject
Project("{FAE04EC0-301F-11D3-BF4B-00C04F79EFBC}") = "CursorPos.TestApp", "CursorPos.TestApp\CursorPos.TestApp.csproj", "{45C77D67-34B7-41D3-B821-C5516748EA53}"
EndProject
Global
	GlobalSection(SolutionConfigurationPlatforms) = preSolution
		Debug|Any CPU = Debug|Any CPU
		Release|Any CPU = Release|Any CPU
	EndGlobalSection
	GlobalSection(ProjectConfigurationPlatforms) = postSolution
		{A2873117-8778-4E74-8D41-8159F6F322BB}.Debug|Any CPU.ActiveCfg = Debug|Any CPU
		{A2873117-8778-4E74-8D41-8159F6F322BB}.Debug|Any CPU.Build.0 = Debug|Any CPU
		{A2873117-8778-4E74-8D41-8159F6F322BB}.Release|Any CPU.ActiveCfg = Release|Any CPU
		{A2873117-8778-4E74-8D41-8159F6F322BB}.Release|Any CPU.Build.0 = Release|Any CPU
		{45C77D67-34B7-41D3-B821-C5516748EA53}.Debug|Any CPU.ActiveCfg = Debug|Any CPU
		{45C77D67-34B7-41D3-B821-C5516748EA53}.Debug|Any CPU.Build.0 = Debug|Any CPU
		{45C77D67-34B7-41D3-B821-C5516748EA53}.Release|Any CPU.ActiveCfg = Release|Any CPU
		{45C77D67-34B7-41D3-B821-C5516748EA53}.Release|Any CPU.Build.0 = Release|Any CPU
	EndGlobalSection
EndGlobal
